
Microsoft Visual Studio Solution File, Format Version 12.00
# Visual Studio Version 17
VisualStudioVersion = 17.11.35312.102
MinimumVisualStudioVersion = 10.0.40219.1
Project("{9A19103F-16F7-4668-BE54-9A1E7A4F7556}") = "IDPA_Hauptprojekt_2024", "IDPA_Hauptprojekt_2024\IDPA_Hauptprojekt_2024.csproj", "{2B56626F-18E4-478A-9E49-C47916E5716E}"
EndProject
Global
	GlobalSection(SolutionConfigurationPlatforms) = preSolution
		Debug|Any CPU = Debug|Any CPU
		Release|Any CPU = Release|Any CPU
	EndGlobalSection
	GlobalSection(ProjectConfigurationPlatforms) = postSolution
		{2B56626F-18E4-478A-9E49-C47916E5716E}.Debug|Any CPU.ActiveCfg = Debug|Any CPU
		{2B56626F-18E4-478A-9E49-C47916E5716E}.Debug|Any CPU.Build.0 = Debug|Any CPU
		{2B56626F-18E4-478A-9E49-C47916E5716E}.Release|Any CPU.ActiveCfg = Release|Any CPU
		{2B56626F-18E4-478A-9E49-C47916E5716E}.Release|Any CPU.Build.0 = Release|Any CPU
	EndGlobalSection
	GlobalSection(SolutionProperties) = preSolution
		HideSolutionNode = FALSE
	EndGlobalSection
	GlobalSection(ExtensibilityGlobals) = postSolution
		SolutionGuid = {E5A2D6B5-F5B1-4B24-A98F-D593C306B174}
	EndGlobalSection
EndGlobal
